// !$*UTF8*$!
{
	archiveVersion = 1;
	classes = {
	};
	objectVersion = 50;
	objects = {

/* Begin PBXBuildFile section */
		2ABB026E262174BE000DADA2 /* TestApp.swift in Sources */ = {isa = PBXBuildFile; fileRef = 2ABB026D262174BE000DADA2 /* TestApp.swift */; };
		2ABB0270262174BE000DADA2 /* ContentView.swift in Sources */ = {isa = PBXBuildFile; fileRef = 2ABB026F262174BE000DADA2 /* ContentView.swift */; };
		2ABB0272262174C1000DADA2 /* Assets.xcassets in Resources */ = {isa = PBXBuildFile; fileRef = 2ABB0271262174C1000DADA2 /* Assets.xcassets */; };
		2ABB0275262174C1000DADA2 /* Preview Assets.xcassets in Resources */ = {isa = PBXBuildFile; fileRef = 2ABB0274262174C1000DADA2 /* Preview Assets.xcassets */; };
		2ABB0280262174C1000DADA2 /* TestTests.swift in Sources */ = {isa = PBXBuildFile; fileRef = 2ABB027F262174C1000DADA2 /* TestTests.swift */; };
		2ABB028B262174C1000DADA2 /* TestUITests.swift in Sources */ = {isa = PBXBuildFile; fileRef = 2ABB028A262174C1000DADA2 /* TestUITests.swift */; };
/* End PBXBuildFile section */

/* Begin PBXContainerItemProxy section */
		2ABB027C262174C1000DADA2 /* PBXContainerItemProxy */ = {
			isa = PBXContainerItemProxy;
			containerPortal = 2ABB0262262174BE000DADA2 /* Project object */;
			proxyType = 1;
			remoteGlobalIDString = 2ABB0269262174BE000DADA2;
			remoteInfo = Test;
		};
		2ABB0287262174C1000DADA2 /* PBXContainerItemProxy */ = {
			isa = PBXContainerItemProxy;
			containerPortal = 2ABB0262262174BE000DADA2 /* Project object */;
			proxyType = 1;
			remoteGlobalIDString = 2ABB0269262174BE000DADA2;
			remoteInfo = Test;
		};
/* End PBXContainerItemProxy section */

/* Begin PBXFileReference section */
		2ABB026A262174BE000DADA2 /* Test.app */ = {isa = PBXFileReference; explicitFileType = wrapper.application; includeInIndex = 0; path = Test.app; sourceTree = BUILT_PRODUCTS_DIR; };
		2ABB026D262174BE000DADA2 /* TestApp.swift */ = {isa = PBXFileReference; lastKnownFileType = sourcecode.swift; path = TestApp.swift; sourceTree = "<group>"; };
		2ABB026F262174BE000DADA2 /* ContentView.swift */ = {isa = PBXFileReference; lastKnownFileType = sourcecode.swift; path = ContentView.swift; sourceTree = "<group>"; };
		2ABB0271262174C1000DADA2 /* Assets.xcassets */ = {isa = PBXFileReference; lastKnownFileType = folder.assetcatalog; path = Assets.xcassets; sourceTree = "<group>"; };
		2ABB0274262174C1000DADA2 /* Preview Assets.xcassets */ = {isa = PBXFileReference; lastKnownFileType = folder.assetcatalog; path = "Preview Assets.xcassets"; sourceTree = "<group>"; };
		2ABB0276262174C1000DADA2 /* Info.plist */ = {isa = PBXFileReference; lastKnownFileType = text.plist.xml; path = Info.plist; sourceTree = "<group>"; };
		2ABB027B262174C1000DADA2 /* TestTests.xctest */ = {isa = PBXFileReference; explicitFileType = wrapper.cfbundle; includeInIndex = 0; path = TestTests.xctest; sourceTree = BUILT_PRODUCTS_DIR; };
		2ABB027F262174C1000DADA2 /* TestTests.swift */ = {isa = PBXFileReference; lastKnownFileType = sourcecode.swift; path = TestTests.swift; sourceTree = "<group>"; };
		2ABB0281262174C1000DADA2 /* Info.plist */ = {isa = PBXFileReference; lastKnownFileType = text.plist.xml; path = Info.plist; sourceTree = "<group>"; };
		2ABB0286262174C1000DADA2 /* TestUITests.xctest */ = {isa = PBXFileReference; explicitFileType = wrapper.cfbundle; includeInIndex = 0; path = TestUITests.xctest; sourceTree = BUILT_PRODUCTS_DIR; };
		2ABB028A262174C1000DADA2 /* TestUITests.swift */ = {isa = PBXFileReference; lastKnownFileType = sourcecode.swift; path = TestUITests.swift; sourceTree = "<group>"; };
		2ABB028C262174C1000DADA2 /* Info.plist */ = {isa = PBXFileReference; lastKnownFileType = text.plist.xml; path = Info.plist; sourceTree = "<group>"; };
/* End PBXFileReference section */

/* Begin PBXFrameworksBuildPhase section */
		2ABB0267262174BE000DADA2 /* Frameworks */ = {
			isa = PBXFrameworksBuildPhase;
			buildActionMask = 2147483647;
			files = (
			);
			runOnlyForDeploymentPostprocessing = 0;
		};
		2ABB0278262174C1000DADA2 /* Frameworks */ = {
			isa = PBXFrameworksBuildPhase;
			buildActionMask = 2147483647;
			files = (
			);
			runOnlyForDeploymentPostprocessing = 0;
		};
		2ABB0283262174C1000DADA2 /* Frameworks */ = {
			isa = PBXFrameworksBuildPhase;
			buildActionMask = 2147483647;
			files = (
			);
			runOnlyForDeploymentPostprocessing = 0;
		};
/* End PBXFrameworksBuildPhase section */

/* Begin PBXGroup section */
		2ABB0261262174BE000DADA2 = {
			isa = PBXGroup;
			children = (
				2ABB026C262174BE000DADA2 /* Test */,
				2ABB027E262174C1000DADA2 /* TestTests */,
				2ABB0289262174C1000DADA2 /* TestUITests */,
				2ABB026B262174BE000DADA2 /* Products */,
			);
			sourceTree = "<group>";
		};
		2ABB026B262174BE000DADA2 /* Products */ = {
			isa = PBXGroup;
			children = (
				2ABB026A262174BE000DADA2 /* Test.app */,
				2ABB027B262174C1000DADA2 /* TestTests.xctest */,
				2ABB0286262174C1000DADA2 /* TestUITests.xctest */,
			);
			name = Products;
			sourceTree = "<group>";
		};
		2ABB026C262174BE000DADA2 /* Test */ = {
			isa = PBXGroup;
			children = (
				2ABB026D262174BE000DADA2 /* TestApp.swift */,
				2ABB026F262174BE000DADA2 /* ContentView.swift */,
				2ABB0271262174C1000DADA2 /* Assets.xcassets */,
				2ABB0276262174C1000DADA2 /* Info.plist */,
				2ABB0273262174C1000DADA2 /* Preview Content */,
			);
			path = Test;
			sourceTree = "<group>";
		};
		2ABB0273262174C1000DADA2 /* Preview Content */ = {
			isa = PBXGroup;
			children = (
				2ABB0274262174C1000DADA2 /* Preview Assets.xcassets */,
			);
			path = "Preview Content";
			sourceTree = "<group>";
		};
		2ABB027E262174C1000DADA2 /* TestTests */ = {
			isa = PBXGroup;
			children = (
				2ABB027F262174C1000DADA2 /* TestTests.swift */,
				2ABB0281262174C1000DADA2 /* Info.plist */,
			);
			path = TestTests;
			sourceTree = "<group>";
		};
		2ABB0289262174C1000DADA2 /* TestUITests */ = {
			isa = PBXGroup;
			children = (
				2ABB028A262174C1000DADA2 /* TestUITests.swift */,
				2ABB028C262174C1000DADA2 /* Info.plist */,
			);
			path = TestUITests;
			sourceTree = "<group>";
		};
/* End PBXGroup section */

/* Begin PBXNativeTarget section */
		2ABB0269262174BE000DADA2 /* Test */ = {
			isa = PBXNativeTarget;
			buildConfigurationList = 2ABB028F262174C1000DADA2 /* Build configuration list for PBXNativeTarget "Test" */;
			buildPhases = (
				2ABB0266262174BE000DADA2 /* Sources */,
				2ABB0267262174BE000DADA2 /* Frameworks */,
				2ABB0268262174BE000DADA2 /* Resources */,
			);
			buildRules = (
			);
			dependencies = (
			);
			name = Test;
			productName = Test;
			productReference = 2ABB026A262174BE000DADA2 /* Test.app */;
			productType = "com.apple.product-type.application";
		};
		2ABB027A262174C1000DADA2 /* TestTests */ = {
			isa = PBXNativeTarget;
			buildConfigurationList = 2ABB0292262174C1000DADA2 /* Build configuration list for PBXNativeTarget "TestTests" */;
			buildPhases = (
				2ABB0277262174C1000DADA2 /* Sources */,
				2ABB0278262174C1000DADA2 /* Frameworks */,
				2ABB0279262174C1000DADA2 /* Resources */,
			);
			buildRules = (
			);
			dependencies = (
				2ABB027D262174C1000DADA2 /* PBXTargetDependency */,
			);
			name = TestTests;
			productName = TestTests;
			productReference = 2ABB027B262174C1000DADA2 /* TestTests.xctest */;
			productType = "com.apple.product-type.bundle.unit-test";
		};
		2ABB0285262174C1000DADA2 /* TestUITests */ = {
			isa = PBXNativeTarget;
			buildConfigurationList = 2ABB0295262174C1000DADA2 /* Build configuration list for PBXNativeTarget "TestUITests" */;
			buildPhases = (
				2ABB0282262174C1000DADA2 /* Sources */,
				2ABB0283262174C1000DADA2 /* Frameworks */,
				2ABB0284262174C1000DADA2 /* Resources */,
			);
			buildRules = (
			);
			dependencies = (
				2ABB0288262174C1000DADA2 /* PBXTargetDependency */,
			);
			name = TestUITests;
			productName = TestUITests;
			productReference = 2ABB0286262174C1000DADA2 /* TestUITests.xctest */;
			productType = "com.apple.product-type.bundle.ui-testing";
		};
/* End PBXNativeTarget section */

/* Begin PBXProject section */
		2ABB0262262174BE000DADA2 /* Project object */ = {
			isa = PBXProject;
			attributes = {
				LastSwiftUpdateCheck = 1240;
				LastUpgradeCheck = 1240;
				TargetAttributes = {
					2ABB0269262174BE000DADA2 = {
						CreatedOnToolsVersion = 12.4;
					};
					2ABB027A262174C1000DADA2 = {
						CreatedOnToolsVersion = 12.4;
						TestTargetID = 2ABB0269262174BE000DADA2;
					};
					2ABB0285262174C1000DADA2 = {
						CreatedOnToolsVersion = 12.4;
						TestTargetID = 2ABB0269262174BE000DADA2;
					};
				};
			};
			buildConfigurationList = 2ABB0265262174BE000DADA2 /* Build configuration list for PBXProject "Test" */;
			compatibilityVersion = "Xcode 9.3";
			developmentRegion = en;
			hasScannedForEncodings = 0;
			knownRegions = (
				en,
				Base,
			);
			mainGroup = 2ABB0261262174BE000DADA2;
			productRefGroup = 2ABB026B262174BE000DADA2 /* Products */;
			projectDirPath = "";
			projectRoot = "";
			targets = (
				2ABB0269262174BE000DADA2 /* Test */,
				2ABB027A262174C1000DADA2 /* TestTests */,
				2ABB0285262174C1000DADA2 /* TestUITests */,
			);
		};
/* End PBXProject section */

/* Begin PBXResourcesBuildPhase section */
		2ABB0268262174BE000DADA2 /* Resources */ = {
			isa = PBXResourcesBuildPhase;
			buildActionMask = 2147483647;
			files = (
				2ABB0275262174C1000DADA2 /* Preview Assets.xcassets in Resources */,
				2ABB0272262174C1000DADA2 /* Assets.xcassets in Resources */,
			);
			runOnlyForDeploymentPostprocessing = 0;
		};
		2ABB0279262174C1000DADA2 /* Resources */ = {
			isa = PBXResourcesBuildPhase;
			buildActionMask = 2147483647;
			files = (
			);
			runOnlyForDeploymentPostprocessing = 0;
		};
		2ABB0284262174C1000DADA2 /* Resources */ = {
			isa = PBXResourcesBuildPhase;
			buildActionMask = 2147483647;
			files = (
			);
			runOnlyForDeploymentPostprocessing = 0;
		};
/* End PBXResourcesBuildPhase section */

/* Begin PBXSourcesBuildPhase section */
		2ABB0266262174BE000DADA2 /* Sources */ = {
			isa = PBXSourcesBuildPhase;
			buildActionMask = 2147483647;
			files = (
				2ABB0270262174BE000DADA2 /* ContentView.swift in Sources */,
				2ABB026E262174BE000DADA2 /* TestApp.swift in Sources */,
			);
			runOnlyForDeploymentPostprocessing = 0;
		};
		2ABB0277262174C1000DADA2 /* Sources */ = {
			isa = PBXSourcesBuildPhase;
			buildActionMask = 2147483647;
			files = (
				2ABB0280262174C1000DADA2 /* TestTests.swift in Sources */,
			);
			runOnlyForDeploymentPostprocessing = 0;
		};
		2ABB0282262174C1000DADA2 /* Sources */ = {
			isa = PBXSourcesBuildPhase;
			buildActionMask = 2147483647;
			files = (
				2ABB028B262174C1000DADA2 /* TestUITests.swift in Sources */,
			);
			runOnlyForDeploymentPostprocessing = 0;
		};
/* End PBXSourcesBuildPhase section */

/* Begin PBXTargetDependency section */
		2ABB027D262174C1000DADA2 /* PBXTargetDependency */ = {
			isa = PBXTargetDependency;
			target = 2ABB0269262174BE000DADA2 /* Test */;
			targetProxy = 2ABB027C262174C1000DADA2 /* PBXContainerItemProxy */;
		};
		2ABB0288262174C1000DADA2 /* PBXTargetDependency */ = {
			isa = PBXTargetDependency;
			target = 2ABB0269262174BE000DADA2 /* Test */;
			targetProxy = 2ABB0287262174C1000DADA2 /* PBXContainerItemProxy */;
		};
/* End PBXTargetDependency section */

/* Begin XCBuildConfiguration section */
		2ABB028D262174C1000DADA2 /* Debug */ = {
			isa = XCBuildConfiguration;
			buildSettings = {
				ALWAYS_SEARCH_USER_PATHS = NO;
				CLANG_ANALYZER_NONNULL = YES;
				CLANG_ANALYZER_NUMBER_OBJECT_CONVERSION = YES_AGGRESSIVE;
				CLANG_CXX_LANGUAGE_STANDARD = "gnu++14";
				CLANG_CXX_LIBRARY = "libc++";
				CLANG_ENABLE_MODULES = YES;
				CLANG_ENABLE_OBJC_ARC = YES;
				CLANG_ENABLE_OBJC_WEAK = YES;
				CLANG_WARN_BLOCK_CAPTURE_AUTORELEASING = YES;
				CLANG_WARN_BOOL_CONVERSION = YES;
				CLANG_WARN_COMMA = YES;
				CLANG_WARN_CONSTANT_CONVERSION = YES;
				CLANG_WARN_DEPRECATED_OBJC_IMPLEMENTATIONS = YES;
				CLANG_WARN_DIRECT_OBJC_ISA_USAGE = YES_ERROR;
				CLANG_WARN_DOCUMENTATION_COMMENTS = YES;
				CLANG_WARN_EMPTY_BODY = YES;
				CLANG_WARN_ENUM_CONVERSION = YES;
				CLANG_WARN_INFINITE_RECURSION = YES;
				CLANG_WARN_INT_CONVERSION = YES;
				CLANG_WARN_NON_LITERAL_NULL_CONVERSION = YES;
				CLANG_WARN_OBJC_IMPLICIT_RETAIN_SELF = YES;
				CLANG_WARN_OBJC_LITERAL_CONVERSION = YES;
				CLANG_WARN_OBJC_ROOT_CLASS = YES_ERROR;
				CLANG_WARN_QUOTED_INCLUDE_IN_FRAMEWORK_HEADER = YES;
				CLANG_WARN_RANGE_LOOP_ANALYSIS = YES;
				CLANG_WARN_STRICT_PROTOTYPES = YES;
				CLANG_WARN_SUSPICIOUS_MOVE = YES;
				CLANG_WARN_UNGUARDED_AVAILABILITY = YES_AGGRESSIVE;
				CLANG_WARN_UNREACHABLE_CODE = YES;
				CLANG_WARN__DUPLICATE_METHOD_MATCH = YES;
				COPY_PHASE_STRIP = NO;
				DEBUG_INFORMATION_FORMAT = dwarf;
				ENABLE_STRICT_OBJC_MSGSEND = YES;
				ENABLE_TESTABILITY = YES;
				GCC_C_LANGUAGE_STANDARD = gnu11;
				GCC_DYNAMIC_NO_PIC = NO;
				GCC_NO_COMMON_BLOCKS = YES;
				GCC_OPTIMIZATION_LEVEL = 0;
				GCC_PREPROCESSOR_DEFINITIONS = (
					"DEBUG=1",
					"$(inherited)",
				);
				GCC_WARN_64_TO_32_BIT_CONVERSION = YES;
				GCC_WARN_ABOUT_RETURN_TYPE = YES_ERROR;
				GCC_WARN_UNDECLARED_SELECTOR = YES;
				GCC_WARN_UNINITIALIZED_AUTOS = YES_AGGRESSIVE;
				GCC_WARN_UNUSED_FUNCTION = YES;
				GCC_WARN_UNUSED_VARIABLE = YES;
				IPHONEOS_DEPLOYMENT_TARGET = 14.4;
				MTL_ENABLE_DEBUG_INFO = INCLUDE_SOURCE;
				MTL_FAST_MATH = YES;
				ONLY_ACTIVE_ARCH = YES;
				SDKROOT = iphoneos;
				SWIFT_ACTIVE_COMPILATION_CONDITIONS = DEBUG;
				SWIFT_OPTIMIZATION_LEVEL = "-Onone";
			};
			name = Debug;
		};
		2ABB028E262174C1000DADA2 /* Release */ = {
			isa = XCBuildConfiguration;
			buildSettings = {
				ALWAYS_SEARCH_USER_PATHS = NO;
				CLANG_ANALYZER_NONNULL = YES;
				CLANG_ANALYZER_NUMBER_OBJECT_CONVERSION = YES_AGGRESSIVE;
				CLANG_CXX_LANGUAGE_STANDARD = "gnu++14";
				CLANG_CXX_LIBRARY = "libc++";
				CLANG_ENABLE_MODULES = YES;
				CLANG_ENABLE_OBJC_ARC = YES;
				CLANG_ENABLE_OBJC_WEAK = YES;
				CLANG_WARN_BLOCK_CAPTURE_AUTORELEASING = YES;
				CLANG_WARN_BOOL_CONVERSION = YES;
				CLANG_WARN_COMMA = YES;
				CLANG_WARN_CONSTANT_CONVERSION = YES;
				CLANG_WARN_DEPRECATED_OBJC_IMPLEMENTATIONS = YES;
				CLANG_WARN_DIRECT_OBJC_ISA_USAGE = YES_ERROR;
				CLANG_WARN_DOCUMENTATION_COMMENTS = YES;
				CLANG_WARN_EMPTY_BODY = YES;
				CLANG_WARN_ENUM_CONVERSION = YES;
				CLANG_WARN_INFINITE_RECURSION = YES;
				CLANG_WARN_INT_CONVERSION = YES;
				CLANG_WARN_NON_LITERAL_NULL_CONVERSION = YES;
				CLANG_WARN_OBJC_IMPLICIT_RETAIN_SELF = YES;
				CLANG_WARN_OBJC_LITERAL_CONVERSION = YES;
				CLANG_WARN_OBJC_ROOT_CLASS = YES_ERROR;
				CLANG_WARN_QUOTED_INCLUDE_IN_FRAMEWORK_HEADER = YES;
				CLANG_WARN_RANGE_LOOP_ANALYSIS = YES;
				CLANG_WARN_STRICT_PROTOTYPES = YES;
				CLANG_WARN_SUSPICIOUS_MOVE = YES;
				CLANG_WARN_UNGUARDED_AVAILABILITY = YES_AGGRESSIVE;
				CLANG_WARN_UNREACHABLE_CODE = YES;
				CLANG_WARN__DUPLICATE_METHOD_MATCH = YES;
				COPY_PHASE_STRIP = NO;
				DEBUG_INFORMATION_FORMAT = "dwarf-with-dsym";
				ENABLE_NS_ASSERTIONS = NO;
				ENABLE_STRICT_OBJC_MSGSEND = YES;
				GCC_C_LANGUAGE_STANDARD = gnu11;
				GCC_NO_COMMON_BLOCKS = YES;
				GCC_WARN_64_TO_32_BIT_CONVERSION = YES;
				GCC_WARN_ABOUT_RETURN_TYPE = YES_ERROR;
				GCC_WARN_UNDECLARED_SELECTOR = YES;
				GCC_WARN_UNINITIALIZED_AUTOS = YES_AGGRESSIVE;
				GCC_WARN_UNUSED_FUNCTION = YES;
				GCC_WARN_UNUSED_VARIABLE = YES;
				IPHONEOS_DEPLOYMENT_TARGET = 14.4;
				MTL_ENABLE_DEBUG_INFO = NO;
				MTL_FAST_MATH = YES;
				SDKROOT = iphoneos;
				SWIFT_COMPILATION_MODE = wholemodule;
				SWIFT_OPTIMIZATION_LEVEL = "-O";
				VALIDATE_PRODUCT = YES;
			};
			name = Release;
		};
		2ABB0290262174C1000DADA2 /* Debug */ = {
			isa = XCBuildConfiguration;
			buildSettings = {
				ASSETCATALOG_COMPILER_APPICON_NAME = AppIcon;
				ASSETCATALOG_COMPILER_GLOBAL_ACCENT_COLOR_NAME = AccentColor;
				CODE_SIGN_STYLE = Automatic;
				DEVELOPMENT_ASSET_PATHS = "\"Test/Preview Content\"";
				DEVELOPMENT_TEAM = 73WD2PR3PN;
				ENABLE_PREVIEWS = YES;
				INFOPLIST_FILE = Test/Info.plist;
				IPHONEOS_DEPLOYMENT_TARGET = 14.0;
				LD_RUNPATH_SEARCH_PATHS = (
					"$(inherited)",
					"@executable_path/Frameworks",
				);
				PRODUCT_BUNDLE_IDENTIFIER = "com.tt-technologies.Test";
				PRODUCT_NAME = "$(TARGET_NAME)";
				SWIFT_VERSION = 5.0;
				TARGETED_DEVICE_FAMILY = "1,2";
			};
			name = Debug;
		};
		2ABB0291262174C1000DADA2 /* Release */ = {
			isa = XCBuildConfiguration;
			buildSettings = {
				ASSETCATALOG_COMPILER_APPICON_NAME = AppIcon;
				ASSETCATALOG_COMPILER_GLOBAL_ACCENT_COLOR_NAME = AccentColor;
				CODE_SIGN_STYLE = Automatic;
				DEVELOPMENT_ASSET_PATHS = "\"Test/Preview Content\"";
				DEVELOPMENT_TEAM = 73WD2PR3PN;
				ENABLE_PREVIEWS = YES;
				INFOPLIST_FILE = Test/Info.plist;
				IPHONEOS_DEPLOYMENT_TARGET = 14.0;
				LD_RUNPATH_SEARCH_PATHS = (
					"$(inherited)",
					"@executable_path/Frameworks",
				);
				PRODUCT_BUNDLE_IDENTIFIER = "com.tt-technologies.Test";
				PRODUCT_NAME = "$(TARGET_NAME)";
				SWIFT_VERSION = 5.0;
				TARGETED_DEVICE_FAMILY = "1,2";
			};
			name = Release;
		};
		2ABB0293262174C1000DADA2 /* Debug */ = {
			isa = XCBuildConfiguration;
			buildSettings = {
				ALWAYS_EMBED_SWIFT_STANDARD_LIBRARIES = YES;
				BUNDLE_LOADER = "$(TEST_HOST)";
				CODE_SIGN_STYLE = Automatic;
				DEVELOPMENT_TEAM = 73WD2PR3PN;
				INFOPLIST_FILE = TestTests/Info.plist;
				IPHONEOS_DEPLOYMENT_TARGET = 14.0;
				LD_RUNPATH_SEARCH_PATHS = (
					"$(inherited)",
					"@executable_path/Frameworks",
					"@loader_path/Frameworks",
				);
				PRODUCT_BUNDLE_IDENTIFIER = "com.tt-technologies.TestTests";
				PRODUCT_NAME = "$(TARGET_NAME)";
				SWIFT_VERSION = 5.0;
				TARGETED_DEVICE_FAMILY = "1,2";
				TEST_HOST = "$(BUILT_PRODUCTS_DIR)/Test.app/Test";
			};
			name = Debug;
		};
		2ABB0294262174C1000DADA2 /* Release */ = {
			isa = XCBuildConfiguration;
			buildSettings = {
				ALWAYS_EMBED_SWIFT_STANDARD_LIBRARIES = YES;
				BUNDLE_LOADER = "$(TEST_HOST)";
				CODE_SIGN_STYLE = Automatic;
				DEVELOPMENT_TEAM = 73WD2PR3PN;
				INFOPLIST_FILE = TestTests/Info.plist;
				IPHONEOS_DEPLOYMENT_TARGET = 14.0;
				LD_RUNPATH_SEARCH_PATHS = (
					"$(inherited)",
					"@executable_path/Frameworks",
					"@loader_path/Frameworks",
				);
				PRODUCT_BUNDLE_IDENTIFIER = "com.tt-technologies.TestTests";
				PRODUCT_NAME = "$(TARGET_NAME)";
				SWIFT_VERSION = 5.0;
				TARGETED_DEVICE_FAMILY = "1,2";
				TEST_HOST = "$(BUILT_PRODUCTS_DIR)/Test.app/Test";
			};
			name = Release;
		};
		2ABB0296262174C1000DADA2 /* Debug */ = {
			isa = XCBuildConfiguration;
			buildSettings = {
				ALWAYS_EMBED_SWIFT_STANDARD_LIBRARIES = YES;
				CODE_SIGN_STYLE = Automatic;
				DEVELOPMENT_TEAM = 73WD2PR3PN;
				INFOPLIST_FILE = TestUITests/Info.plist;
				LD_RUNPATH_SEARCH_PATHS = (
					"$(inherited)",
					"@executable_path/Frameworks",
					"@loader_path/Frameworks",
				);
				PRODUCT_BUNDLE_IDENTIFIER = "com.tt-technologies.TestUITests";
				PRODUCT_NAME = "$(TARGET_NAME)";
				SWIFT_VERSION = 5.0;
				TARGETED_DEVICE_FAMILY = "1,2";
				TEST_TARGET_NAME = Test;
			};
			name = Debug;
		};
		2ABB0297262174C1000DADA2 /* Release */ = {
			isa = XCBuildConfiguration;
			buildSettings = {
				ALWAYS_EMBED_SWIFT_STANDARD_LIBRARIES = YES;
				CODE_SIGN_STYLE = Automatic;
				DEVELOPMENT_TEAM = 73WD2PR3PN;
				INFOPLIST_FILE = TestUITests/Info.plist;
				LD_RUNPATH_SEARCH_PATHS = (
					"$(inherited)",
					"@executable_path/Frameworks",
					"@loader_path/Frameworks",
				);
				PRODUCT_BUNDLE_IDENTIFIER = "com.tt-technologies.TestUITests";
				PRODUCT_NAME = "$(TARGET_NAME)";
				SWIFT_VERSION = 5.0;
				TARGETED_DEVICE_FAMILY = "1,2";
				TEST_TARGET_NAME = Test;
			};
			name = Release;
		};
/* End XCBuildConfiguration section */

/* Begin XCConfigurationList section */
		2ABB0265262174BE000DADA2 /* Build configuration list for PBXProject "Test" */ = {
			isa = XCConfigurationList;
			buildConfigurations = (
				2ABB028D262174C1000DADA2 /* Debug */,
				2ABB028E262174C1000DADA2 /* Release */,
			);
			defaultConfigurationIsVisible = 0;
			defaultConfigurationName = Release;
		};
		2ABB028F262174C1000DADA2 /* Build configuration list for PBXNativeTarget "Test" */ = {
			isa = XCConfigurationList;
			buildConfigurations = (
				2ABB0290262174C1000DADA2 /* Debug */,
				2ABB0291262174C1000DADA2 /* Release */,
			);
			defaultConfigurationIsVisible = 0;
			defaultConfigurationName = Release;
		};
		2ABB0292262174C1000DADA2 /* Build configuration list for PBXNativeTarget "TestTests" */ = {
			isa = XCConfigurationList;
			buildConfigurations = (
				2ABB0293262174C1000DADA2 /* Debug */,
				2ABB0294262174C1000DADA2 /* Release */,
			);
			defaultConfigurationIsVisible = 0;
			defaultConfigurationName = Release;
		};
		2ABB0295262174C1000DADA2 /* Build configuration list for PBXNativeTarget "TestUITests" */ = {
			isa = XCConfigurationList;
			buildConfigurations = (
				2ABB0296262174C1000DADA2 /* Debug */,
				2ABB0297262174C1000DADA2 /* Release */,
			);
			defaultConfigurationIsVisible = 0;
			defaultConfigurationName = Release;
		};
/* End XCConfigurationList section */
	};
	rootObject = 2ABB0262262174BE000DADA2 /* Project object */;
}
