// !$*UTF8*$!
{
	archiveVersion = 1;
	classes = {
	};
	objectVersion = 50;
	objects = {

/* Begin PBXBuildFile section */
		2ABB02A8262174F9000DADA2 /* AppDelegate.swift in Sources */ = {isa = PBXBuildFile; fileRef = 2ABB02A7262174F9000DADA2 /* AppDelegate.swift */; };
		2ABB02AA262174F9000DADA2 /* SceneDelegate.swift in Sources */ = {isa = PBXBuildFile; fileRef = 2ABB02A9262174F9000DADA2 /* SceneDelegate.swift */; };
		2ABB02AC262174F9000DADA2 /* ViewController.swift in Sources */ = {isa = PBXBuildFile; fileRef = 2ABB02AB262174F9000DADA2 /* ViewController.swift */; };
		2ABB02AF262174F9000DADA2 /* Main.storyboard in Resources */ = {isa = PBXBuildFile; fileRef = 2ABB02AD262174F9000DADA2 /* Main.storyboard */; };
		2ABB02B1262174FB000DADA2 /* Assets.xcassets in Resources */ = {isa = PBXBuildFile; fileRef = 2ABB02B0262174FB000DADA2 /* Assets.xcassets */; };
		2ABB02B4262174FB000DADA2 /* LaunchScreen.storyboard in Resources */ = {isa = PBXBuildFile; fileRef = 2ABB02B2262174FB000DADA2 /* LaunchScreen.storyboard */; };
		2ABB02BF262174FB000DADA2 /* TestTests.swift in Sources */ = {isa = PBXBuildFile; fileRef = 2ABB02BE262174FB000DADA2 /* TestTests.swift */; };
		2ABB02CA262174FB000DADA2 /* TestUITests.swift in Sources */ = {isa = PBXBuildFile; fileRef = 2ABB02C9262174FB000DADA2 /* TestUITests.swift */; };
/* End PBXBuildFile section */

/* Begin PBXContainerItemProxy section */
		2ABB02BB262174FB000DADA2 /* PBXContainerItemProxy */ = {
			isa = PBXContainerItemProxy;
			containerPortal = 2ABB029C262174F9000DADA2 /* Project object */;
			proxyType = 1;
			remoteGlobalIDString = 2ABB02A3262174F9000DADA2;
			remoteInfo = Test;
		};
		2ABB02C6262174FB000DADA2 /* PBXContainerItemProxy */ = {
			isa = PBXContainerItemProxy;
			containerPortal = 2ABB029C262174F9000DADA2 /* Project object */;
			proxyType = 1;
			remoteGlobalIDString = 2ABB02A3262174F9000DADA2;
			remoteInfo = Test;
		};
/* End PBXContainerItemProxy section */

/* Begin PBXFileReference section */
		2ABB02A4262174F9000DADA2 /* Test.app */ = {isa = PBXFileReference; explicitFileType = wrapper.application; includeInIndex = 0; path = Test.app; sourceTree = BUILT_PRODUCTS_DIR; };
		2ABB02A7262174F9000DADA2 /* AppDelegate.swift */ = {isa = PBXFileReference; lastKnownFileType = sourcecode.swift; path = AppDelegate.swift; sourceTree = "<group>"; };
		2ABB02A9262174F9000DADA2 /* SceneDelegate.swift */ = {isa = PBXFileReference; lastKnownFileType = sourcecode.swift; path = SceneDelegate.swift; sourceTree = "<group>"; };
		2ABB02AB262174F9000DADA2 /* ViewController.swift */ = {isa = PBXFileReference; lastKnownFileType = sourcecode.swift; path = ViewController.swift; sourceTree = "<group>"; };
		2ABB02AE262174F9000DADA2 /* Base */ = {isa = PBXFileReference; lastKnownFileType = file.storyboard; name = Base; path = Base.lproj/Main.storyboard; sourceTree = "<group>"; };
		2ABB02B0262174FB000DADA2 /* Assets.xcassets */ = {isa = PBXFileReference; lastKnownFileType = folder.assetcatalog; path = Assets.xcassets; sourceTree = "<group>"; };
		2ABB02B3262174FB000DADA2 /* Base */ = {isa = PBXFileReference; lastKnownFileType = file.storyboard; name = Base; path = Base.lproj/LaunchScreen.storyboard; sourceTree = "<group>"; };
		2ABB02B5262174FB000DADA2 /* Info.plist */ = {isa = PBXFileReference; lastKnownFileType = text.plist.xml; path = Info.plist; sourceTree = "<group>"; };
		2ABB02BA262174FB000DADA2 /* TestTests.xctest */ = {isa = PBXFileReference; explicitFileType = wrapper.cfbundle; includeInIndex = 0; path = TestTests.xctest; sourceTree = BUILT_PRODUCTS_DIR; };
		2ABB02BE262174FB000DADA2 /* TestTests.swift */ = {isa = PBXFileReference; lastKnownFileType = sourcecode.swift; path = TestTests.swift; sourceTree = "<group>"; };
		2ABB02C0262174FB000DADA2 /* Info.plist */ = {isa = PBXFileReference; lastKnownFileType = text.plist.xml; path = Info.plist; sourceTree = "<group>"; };
		2ABB02C5262174FB000DADA2 /* TestUITests.xctest */ = {isa = PBXFileReference; explicitFileType = wrapper.cfbundle; includeInIndex = 0; path = TestUITests.xctest; sourceTree = BUILT_PRODUCTS_DIR; };
		2ABB02C9262174FB000DADA2 /* TestUITests.swift */ = {isa = PBXFileReference; lastKnownFileType = sourcecode.swift; path = TestUITests.swift; sourceTree = "<group>"; };
		2ABB02CB262174FB000DADA2 /* Info.plist */ = {isa = PBXFileReference; lastKnownFileType = text.plist.xml; path = Info.plist; sourceTree = "<group>"; };
/* End PBXFileReference section */

/* Begin PBXFrameworksBuildPhase section */
		2ABB02A1262174F9000DADA2 /* Frameworks */ = {
			isa = PBXFrameworksBuildPhase;
			buildActionMask = 2147483647;
			files = (
			);
			runOnlyForDeploymentPostprocessing = 0;
		};
		2ABB02B7262174FB000DADA2 /* Frameworks */ = {
			isa = PBXFrameworksBuildPhase;
			buildActionMask = 2147483647;
			files = (
			);
			runOnlyForDeploymentPostprocessing = 0;
		};
		2ABB02C2262174FB000DADA2 /* Frameworks */ = {
			isa = PBXFrameworksBuildPhase;
			buildActionMask = 2147483647;
			files = (
			);
			runOnlyForDeploymentPostprocessing = 0;
		};
/* End PBXFrameworksBuildPhase section */

/* Begin PBXGroup section */
		2ABB029B262174F9000DADA2 = {
			isa = PBXGroup;
			children = (
				2ABB02A6262174F9000DADA2 /* Test */,
				2ABB02BD262174FB000DADA2 /* TestTests */,
				2ABB02C8262174FB000DADA2 /* TestUITests */,
				2ABB02A5262174F9000DADA2 /* Products */,
			);
			sourceTree = "<group>";
		};
		2ABB02A5262174F9000DADA2 /* Products */ = {
			isa = PBXGroup;
			children = (
				2ABB02A4262174F9000DADA2 /* Test.app */,
				2ABB02BA262174FB000DADA2 /* TestTests.xctest */,
				2ABB02C5262174FB000DADA2 /* TestUITests.xctest */,
			);
			name = Products;
			sourceTree = "<group>";
		};
		2ABB02A6262174F9000DADA2 /* Test */ = {
			isa = PBXGroup;
			children = (
				2ABB02A7262174F9000DADA2 /* AppDelegate.swift */,
				2ABB02A9262174F9000DADA2 /* SceneDelegate.swift */,
				2ABB02AB262174F9000DADA2 /* ViewController.swift */,
				2ABB02AD262174F9000DADA2 /* Main.storyboard */,
				2ABB02B0262174FB000DADA2 /* Assets.xcassets */,
				2ABB02B2262174FB000DADA2 /* LaunchScreen.storyboard */,
				2ABB02B5262174FB000DADA2 /* Info.plist */,
			);
			path = Test;
			sourceTree = "<group>";
		};
		2ABB02BD262174FB000DADA2 /* TestTests */ = {
			isa = PBXGroup;
			children = (
				2ABB02BE262174FB000DADA2 /* TestTests.swift */,
				2ABB02C0262174FB000DADA2 /* Info.plist */,
			);
			path = TestTests;
			sourceTree = "<group>";
		};
		2ABB02C8262174FB000DADA2 /* TestUITests */ = {
			isa = PBXGroup;
			children = (
				2ABB02C9262174FB000DADA2 /* TestUITests.swift */,
				2ABB02CB262174FB000DADA2 /* Info.plist */,
			);
			path = TestUITests;
			sourceTree = "<group>";
		};
/* End PBXGroup section */

/* Begin PBXNativeTarget section */
		2ABB02A3262174F9000DADA2 /* Test */ = {
			isa = PBXNativeTarget;
			buildConfigurationList = 2ABB02CE262174FB000DADA2 /* Build configuration list for PBXNativeTarget "Test" */;
			buildPhases = (
				2ABB02A0262174F9000DADA2 /* Sources */,
				2ABB02A1262174F9000DADA2 /* Frameworks */,
				2ABB02A2262174F9000DADA2 /* Resources */,
			);
			buildRules = (
			);
			dependencies = (
			);
			name = Test;
			productName = Test;
			productReference = 2ABB02A4262174F9000DADA2 /* Test.app */;
			productType = "com.apple.product-type.application";
		};
		2ABB02B9262174FB000DADA2 /* TestTests */ = {
			isa = PBXNativeTarget;
			buildConfigurationList = 2ABB02D1262174FB000DADA2 /* Build configuration list for PBXNativeTarget "TestTests" */;
			buildPhases = (
				2ABB02B6262174FB000DADA2 /* Sources */,
				2ABB02B7262174FB000DADA2 /* Frameworks */,
				2ABB02B8262174FB000DADA2 /* Resources */,
			);
			buildRules = (
			);
			dependencies = (
				2ABB02BC262174FB000DADA2 /* PBXTargetDependency */,
			);
			name = TestTests;
			productName = TestTests;
			productReference = 2ABB02BA262174FB000DADA2 /* TestTests.xctest */;
			productType = "com.apple.product-type.bundle.unit-test";
		};
		2ABB02C4262174FB000DADA2 /* TestUITests */ = {
			isa = PBXNativeTarget;
			buildConfigurationList = 2ABB02D4262174FB000DADA2 /* Build configuration list for PBXNativeTarget "TestUITests" */;
			buildPhases = (
				2ABB02C1262174FB000DADA2 /* Sources */,
				2ABB02C2262174FB000DADA2 /* Frameworks */,
				2ABB02C3262174FB000DADA2 /* Resources */,
			);
			buildRules = (
			);
			dependencies = (
				2ABB02C7262174FB000DADA2 /* PBXTargetDependency */,
			);
			name = TestUITests;
			productName = TestUITests;
			productReference = 2ABB02C5262174FB000DADA2 /* TestUITests.xctest */;
			productType = "com.apple.product-type.bundle.ui-testing";
		};
/* End PBXNativeTarget section */

/* Begin PBXProject section */
		2ABB029C262174F9000DADA2 /* Project object */ = {
			isa = PBXProject;
			attributes = {
				LastSwiftUpdateCheck = 1240;
				LastUpgradeCheck = 1240;
				TargetAttributes = {
					2ABB02A3262174F9000DADA2 = {
						CreatedOnToolsVersion = 12.4;
					};
					2ABB02B9262174FB000DADA2 = {
						CreatedOnToolsVersion = 12.4;
						TestTargetID = 2ABB02A3262174F9000DADA2;
					};
					2ABB02C4262174FB000DADA2 = {
						CreatedOnToolsVersion = 12.4;
						TestTargetID = 2ABB02A3262174F9000DADA2;
					};
				};
			};
			buildConfigurationList = 2ABB029F262174F9000DADA2 /* Build configuration list for PBXProject "Test" */;
			compatibilityVersion = "Xcode 9.3";
			developmentRegion = en;
			hasScannedForEncodings = 0;
			knownRegions = (
				en,
				Base,
			);
			mainGroup = 2ABB029B262174F9000DADA2;
			productRefGroup = 2ABB02A5262174F9000DADA2 /* Products */;
			projectDirPath = "";
			projectRoot = "";
			targets = (
				2ABB02A3262174F9000DADA2 /* Test */,
				2ABB02B9262174FB000DADA2 /* TestTests */,
				2ABB02C4262174FB000DADA2 /* TestUITests */,
			);
		};
/* End PBXProject section */

/* Begin PBXResourcesBuildPhase section */
		2ABB02A2262174F9000DADA2 /* Resources */ = {
			isa = PBXResourcesBuildPhase;
			buildActionMask = 2147483647;
			files = (
				2ABB02B4262174FB000DADA2 /* LaunchScreen.storyboard in Resources */,
				2ABB02B1262174FB000DADA2 /* Assets.xcassets in Resources */,
				2ABB02AF262174F9000DADA2 /* Main.storyboard in Resources */,
			);
			runOnlyForDeploymentPostprocessing = 0;
		};
		2ABB02B8262174FB000DADA2 /* Resources */ = {
			isa = PBXResourcesBuildPhase;
			buildActionMask = 2147483647;
			files = (
			);
			runOnlyForDeploymentPostprocessing = 0;
		};
		2ABB02C3262174FB000DADA2 /* Resources */ = {
			isa = PBXResourcesBuildPhase;
			buildActionMask = 2147483647;
			files = (
			);
			runOnlyForDeploymentPostprocessing = 0;
		};
/* End PBXResourcesBuildPhase section */

/* Begin PBXSourcesBuildPhase section */
		2ABB02A0262174F9000DADA2 /* Sources */ = {
			isa = PBXSourcesBuildPhase;
			buildActionMask = 2147483647;
			files = (
				2ABB02AC262174F9000DADA2 /* ViewController.swift in Sources */,
				2ABB02A8262174F9000DADA2 /* AppDelegate.swift in Sources */,
				2ABB02AA262174F9000DADA2 /* SceneDelegate.swift in Sources */,
			);
			runOnlyForDeploymentPostprocessing = 0;
		};
		2ABB02B6262174FB000DADA2 /* Sources */ = {
			isa = PBXSourcesBuildPhase;
			buildActionMask = 2147483647;
			files = (
				2ABB02BF262174FB000DADA2 /* TestTests.swift in Sources */,
			);
			runOnlyForDeploymentPostprocessing = 0;
		};
		2ABB02C1262174FB000DADA2 /* Sources */ = {
			isa = PBXSourcesBuildPhase;
			buildActionMask = 2147483647;
			files = (
				2ABB02CA262174FB000DADA2 /* TestUITests.swift in Sources */,
			);
			runOnlyForDeploymentPostprocessing = 0;
		};
/* End PBXSourcesBuildPhase section */

/* Begin PBXTargetDependency section */
		2ABB02BC262174FB000DADA2 /* PBXTargetDependency */ = {
			isa = PBXTargetDependency;
			target = 2ABB02A3262174F9000DADA2 /* Test */;
			targetProxy = 2ABB02BB262174FB000DADA2 /* PBXContainerItemProxy */;
		};
		2ABB02C7262174FB000DADA2 /* PBXTargetDependency */ = {
			isa = PBXTargetDependency;
			target = 2ABB02A3262174F9000DADA2 /* Test */;
			targetProxy = 2ABB02C6262174FB000DADA2 /* PBXContainerItemProxy */;
		};
/* End PBXTargetDependency section */

/* Begin PBXVariantGroup section */
		2ABB02AD262174F9000DADA2 /* Main.storyboard */ = {
			isa = PBXVariantGroup;
			children = (
				2ABB02AE262174F9000DADA2 /* Base */,
			);
			name = Main.storyboard;
			sourceTree = "<group>";
		};
		2ABB02B2262174FB000DADA2 /* LaunchScreen.storyboard */ = {
			isa = PBXVariantGroup;
			children = (
				2ABB02B3262174FB000DADA2 /* Base */,
			);
			name = LaunchScreen.storyboard;
			sourceTree = "<group>";
		};
/* End PBXVariantGroup section */

/* Begin XCBuildConfiguration section */
		2ABB02CC262174FB000DADA2 /* Debug */ = {
			isa = XCBuildConfiguration;
			buildSettings = {
				ALWAYS_SEARCH_USER_PATHS = NO;
				CLANG_ANALYZER_NONNULL = YES;
				CLANG_ANALYZER_NUMBER_OBJECT_CONVERSION = YES_AGGRESSIVE;
				CLANG_CXX_LANGUAGE_STANDARD = "gnu++14";
				CLANG_CXX_LIBRARY = "libc++";
				CLANG_ENABLE_MODULES = YES;
				CLANG_ENABLE_OBJC_ARC = YES;
				CLANG_ENABLE_OBJC_WEAK = YES;
				CLANG_WARN_BLOCK_CAPTURE_AUTORELEASING = YES;
				CLANG_WARN_BOOL_CONVERSION = YES;
				CLANG_WARN_COMMA = YES;
				CLANG_WARN_CONSTANT_CONVERSION = YES;
				CLANG_WARN_DEPRECATED_OBJC_IMPLEMENTATIONS = YES;
				CLANG_WARN_DIRECT_OBJC_ISA_USAGE = YES_ERROR;
				CLANG_WARN_DOCUMENTATION_COMMENTS = YES;
				CLANG_WARN_EMPTY_BODY = YES;
				CLANG_WARN_ENUM_CONVERSION = YES;
				CLANG_WARN_INFINITE_RECURSION = YES;
				CLANG_WARN_INT_CONVERSION = YES;
				CLANG_WARN_NON_LITERAL_NULL_CONVERSION = YES;
				CLANG_WARN_OBJC_IMPLICIT_RETAIN_SELF = YES;
				CLANG_WARN_OBJC_LITERAL_CONVERSION = YES;
				CLANG_WARN_OBJC_ROOT_CLASS = YES_ERROR;
				CLANG_WARN_QUOTED_INCLUDE_IN_FRAMEWORK_HEADER = YES;
				CLANG_WARN_RANGE_LOOP_ANALYSIS = YES;
				CLANG_WARN_STRICT_PROTOTYPES = YES;
				CLANG_WARN_SUSPICIOUS_MOVE = YES;
				CLANG_WARN_UNGUARDED_AVAILABILITY = YES_AGGRESSIVE;
				CLANG_WARN_UNREACHABLE_CODE = YES;
				CLANG_WARN__DUPLICATE_METHOD_MATCH = YES;
				COPY_PHASE_STRIP = NO;
				DEBUG_INFORMATION_FORMAT = dwarf;
				ENABLE_STRICT_OBJC_MSGSEND = YES;
				ENABLE_TESTABILITY = YES;
				GCC_C_LANGUAGE_STANDARD = gnu11;
				GCC_DYNAMIC_NO_PIC = NO;
				GCC_NO_COMMON_BLOCKS = YES;
				GCC_OPTIMIZATION_LEVEL = 0;
				GCC_PREPROCESSOR_DEFINITIONS = (
					"DEBUG=1",
					"$(inherited)",
				);
				GCC_WARN_64_TO_32_BIT_CONVERSION = YES;
				GCC_WARN_ABOUT_RETURN_TYPE = YES_ERROR;
				GCC_WARN_UNDECLARED_SELECTOR = YES;
				GCC_WARN_UNINITIALIZED_AUTOS = YES_AGGRESSIVE;
				GCC_WARN_UNUSED_FUNCTION = YES;
				GCC_WARN_UNUSED_VARIABLE = YES;
				IPHONEOS_DEPLOYMENT_TARGET = 14.4;
				MTL_ENABLE_DEBUG_INFO = INCLUDE_SOURCE;
				MTL_FAST_MATH = YES;
				ONLY_ACTIVE_ARCH = YES;
				SDKROOT = iphoneos;
				SWIFT_ACTIVE_COMPILATION_CONDITIONS = DEBUG;
				SWIFT_OPTIMIZATION_LEVEL = "-Onone";
			};
			name = Debug;
		};
		2ABB02CD262174FB000DADA2 /* Release */ = {
			isa = XCBuildConfiguration;
			buildSettings = {
				ALWAYS_SEARCH_USER_PATHS = NO;
				CLANG_ANALYZER_NONNULL = YES;
				CLANG_ANALYZER_NUMBER_OBJECT_CONVERSION = YES_AGGRESSIVE;
				CLANG_CXX_LANGUAGE_STANDARD = "gnu++14";
				CLANG_CXX_LIBRARY = "libc++";
				CLANG_ENABLE_MODULES = YES;
				CLANG_ENABLE_OBJC_ARC = YES;
				CLANG_ENABLE_OBJC_WEAK = YES;
				CLANG_WARN_BLOCK_CAPTURE_AUTORELEASING = YES;
				CLANG_WARN_BOOL_CONVERSION = YES;
				CLANG_WARN_COMMA = YES;
				CLANG_WARN_CONSTANT_CONVERSION = YES;
				CLANG_WARN_DEPRECATED_OBJC_IMPLEMENTATIONS = YES;
				CLANG_WARN_DIRECT_OBJC_ISA_USAGE = YES_ERROR;
				CLANG_WARN_DOCUMENTATION_COMMENTS = YES;
				CLANG_WARN_EMPTY_BODY = YES;
				CLANG_WARN_ENUM_CONVERSION = YES;
				CLANG_WARN_INFINITE_RECURSION = YES;
				CLANG_WARN_INT_CONVERSION = YES;
				CLANG_WARN_NON_LITERAL_NULL_CONVERSION = YES;
				CLANG_WARN_OBJC_IMPLICIT_RETAIN_SELF = YES;
				CLANG_WARN_OBJC_LITERAL_CONVERSION = YES;
				CLANG_WARN_OBJC_ROOT_CLASS = YES_ERROR;
				CLANG_WARN_QUOTED_INCLUDE_IN_FRAMEWORK_HEADER = YES;
				CLANG_WARN_RANGE_LOOP_ANALYSIS = YES;
				CLANG_WARN_STRICT_PROTOTYPES = YES;
				CLANG_WARN_SUSPICIOUS_MOVE = YES;
				CLANG_WARN_UNGUARDED_AVAILABILITY = YES_AGGRESSIVE;
				CLANG_WARN_UNREACHABLE_CODE = YES;
				CLANG_WARN__DUPLICATE_METHOD_MATCH = YES;
				COPY_PHASE_STRIP = NO;
				DEBUG_INFORMATION_FORMAT = "dwarf-with-dsym";
				ENABLE_NS_ASSERTIONS = NO;
				ENABLE_STRICT_OBJC_MSGSEND = YES;
				GCC_C_LANGUAGE_STANDARD = gnu11;
				GCC_NO_COMMON_BLOCKS = YES;
				GCC_WARN_64_TO_32_BIT_CONVERSION = YES;
				GCC_WARN_ABOUT_RETURN_TYPE = YES_ERROR;
				GCC_WARN_UNDECLARED_SELECTOR = YES;
				GCC_WARN_UNINITIALIZED_AUTOS = YES_AGGRESSIVE;
				GCC_WARN_UNUSED_FUNCTION = YES;
				GCC_WARN_UNUSED_VARIABLE = YES;
				IPHONEOS_DEPLOYMENT_TARGET = 14.4;
				MTL_ENABLE_DEBUG_INFO = NO;
				MTL_FAST_MATH = YES;
				SDKROOT = iphoneos;
				SWIFT_COMPILATION_MODE = wholemodule;
				SWIFT_OPTIMIZATION_LEVEL = "-O";
				VALIDATE_PRODUCT = YES;
			};
			name = Release;
		};
		2ABB02CF262174FB000DADA2 /* Debug */ = {
			isa = XCBuildConfiguration;
			buildSettings = {
				ASSETCATALOG_COMPILER_APPICON_NAME = AppIcon;
				ASSETCATALOG_COMPILER_GLOBAL_ACCENT_COLOR_NAME = AccentColor;
				CODE_SIGN_STYLE = Automatic;
				DEVELOPMENT_TEAM = 73WD2PR3PN;
				INFOPLIST_FILE = Test/Info.plist;
				LD_RUNPATH_SEARCH_PATHS = (
					"$(inherited)",
					"@executable_path/Frameworks",
				);
				PRODUCT_BUNDLE_IDENTIFIER = "com.tt-technologies.Test";
				PRODUCT_NAME = "$(TARGET_NAME)";
				SWIFT_VERSION = 5.0;
				TARGETED_DEVICE_FAMILY = "1,2";
			};
			name = Debug;
		};
		2ABB02D0262174FB000DADA2 /* Release */ = {
			isa = XCBuildConfiguration;
			buildSettings = {
				ASSETCATALOG_COMPILER_APPICON_NAME = AppIcon;
				ASSETCATALOG_COMPILER_GLOBAL_ACCENT_COLOR_NAME = AccentColor;
				CODE_SIGN_STYLE = Automatic;
				DEVELOPMENT_TEAM = 73WD2PR3PN;
				INFOPLIST_FILE = Test/Info.plist;
				LD_RUNPATH_SEARCH_PATHS = (
					"$(inherited)",
					"@executable_path/Frameworks",
				);
				PRODUCT_BUNDLE_IDENTIFIER = "com.tt-technologies.Test";
				PRODUCT_NAME = "$(TARGET_NAME)";
				SWIFT_VERSION = 5.0;
				TARGETED_DEVICE_FAMILY = "1,2";
			};
			name = Release;
		};
		2ABB02D2262174FB000DADA2 /* Debug */ = {
			isa = XCBuildConfiguration;
			buildSettings = {
				ALWAYS_EMBED_SWIFT_STANDARD_LIBRARIES = YES;
				BUNDLE_LOADER = "$(TEST_HOST)";
				CODE_SIGN_STYLE = Automatic;
				DEVELOPMENT_TEAM = 73WD2PR3PN;
				INFOPLIST_FILE = TestTests/Info.plist;
				IPHONEOS_DEPLOYMENT_TARGET = 14.4;
				LD_RUNPATH_SEARCH_PATHS = (
					"$(inherited)",
					"@executable_path/Frameworks",
					"@loader_path/Frameworks",
				);
				PRODUCT_BUNDLE_IDENTIFIER = "com.tt-technologies.TestTests";
				PRODUCT_NAME = "$(TARGET_NAME)";
				SWIFT_VERSION = 5.0;
				TARGETED_DEVICE_FAMILY = "1,2";
				TEST_HOST = "$(BUILT_PRODUCTS_DIR)/Test.app/Test";
			};
			name = Debug;
		};
		2ABB02D3262174FB000DADA2 /* Release */ = {
			isa = XCBuildConfiguration;
			buildSettings = {
				ALWAYS_EMBED_SWIFT_STANDARD_LIBRARIES = YES;
				BUNDLE_LOADER = "$(TEST_HOST)";
				CODE_SIGN_STYLE = Automatic;
				DEVELOPMENT_TEAM = 73WD2PR3PN;
				INFOPLIST_FILE = TestTests/Info.plist;
				IPHONEOS_DEPLOYMENT_TARGET = 14.4;
				LD_RUNPATH_SEARCH_PATHS = (
					"$(inherited)",
					"@executable_path/Frameworks",
					"@loader_path/Frameworks",
				);
				PRODUCT_BUNDLE_IDENTIFIER = "com.tt-technologies.TestTests";
				PRODUCT_NAME = "$(TARGET_NAME)";
				SWIFT_VERSION = 5.0;
				TARGETED_DEVICE_FAMILY = "1,2";
				TEST_HOST = "$(BUILT_PRODUCTS_DIR)/Test.app/Test";
			};
			name = Release;
		};
		2ABB02D5262174FB000DADA2 /* Debug */ = {
			isa = XCBuildConfiguration;
			buildSettings = {
				ALWAYS_EMBED_SWIFT_STANDARD_LIBRARIES = YES;
				CODE_SIGN_STYLE = Automatic;
				DEVELOPMENT_TEAM = 73WD2PR3PN;
				INFOPLIST_FILE = TestUITests/Info.plist;
				LD_RUNPATH_SEARCH_PATHS = (
					"$(inherited)",
					"@executable_path/Frameworks",
					"@loader_path/Frameworks",
				);
				PRODUCT_BUNDLE_IDENTIFIER = "com.tt-technologies.TestUITests";
				PRODUCT_NAME = "$(TARGET_NAME)";
				SWIFT_VERSION = 5.0;
				TARGETED_DEVICE_FAMILY = "1,2";
				TEST_TARGET_NAME = Test;
			};
			name = Debug;
		};
		2ABB02D6262174FB000DADA2 /* Release */ = {
			isa = XCBuildConfiguration;
			buildSettings = {
				ALWAYS_EMBED_SWIFT_STANDARD_LIBRARIES = YES;
				CODE_SIGN_STYLE = Automatic;
				DEVELOPMENT_TEAM = 73WD2PR3PN;
				INFOPLIST_FILE = TestUITests/Info.plist;
				LD_RUNPATH_SEARCH_PATHS = (
					"$(inherited)",
					"@executable_path/Frameworks",
					"@loader_path/Frameworks",
				);
				PRODUCT_BUNDLE_IDENTIFIER = "com.tt-technologies.TestUITests";
				PRODUCT_NAME = "$(TARGET_NAME)";
				SWIFT_VERSION = 5.0;
				TARGETED_DEVICE_FAMILY = "1,2";
				TEST_TARGET_NAME = Test;
			};
			name = Release;
		};
/* End XCBuildConfiguration section */

/* Begin XCConfigurationList section */
		2ABB029F262174F9000DADA2 /* Build configuration list for PBXProject "Test" */ = {
			isa = XCConfigurationList;
			buildConfigurations = (
				2ABB02CC262174FB000DADA2 /* Debug */,
				2ABB02CD262174FB000DADA2 /* Release */,
			);
			defaultConfigurationIsVisible = 0;
			defaultConfigurationName = Release;
		};
		2ABB02CE262174FB000DADA2 /* Build configuration list for PBXNativeTarget "Test" */ = {
			isa = XCConfigurationList;
			buildConfigurations = (
				2ABB02CF262174FB000DADA2 /* Debug */,
				2ABB02D0262174FB000DADA2 /* Release */,
			);
			defaultConfigurationIsVisible = 0;
			defaultConfigurationName = Release;
		};
		2ABB02D1262174FB000DADA2 /* Build configuration list for PBXNativeTarget "TestTests" */ = {
			isa = XCConfigurationList;
			buildConfigurations = (
				2ABB02D2262174FB000DADA2 /* Debug */,
				2ABB02D3262174FB000DADA2 /* Release */,
			);
			defaultConfigurationIsVisible = 0;
			defaultConfigurationName = Release;
		};
		2ABB02D4262174FB000DADA2 /* Build configuration list for PBXNativeTarget "TestUITests" */ = {
			isa = XCConfigurationList;
			buildConfigurations = (
				2ABB02D5262174FB000DADA2 /* Debug */,
				2ABB02D6262174FB000DADA2 /* Release */,
			);
			defaultConfigurationIsVisible = 0;
			defaultConfigurationName = Release;
		};
/* End XCConfigurationList section */
	};
	rootObject = 2ABB029C262174F9000DADA2 /* Project object */;
}
